
Microsoft Visual Studio Solution File, Format Version 12.00
# Visual Studio Version 17
VisualStudioVersion = 17.10.34928.147
MinimumVisualStudioVersion = 10.0.40219.1
Project("{FAE04EC0-301F-11D3-BF4B-00C04F79EFBC}") = "WowPusher", "WowPusher.csproj", "{CEE55562-7AD1-42DD-83FC-EFB0A2FB5BD6}"
EndProject
Global
	GlobalSection(SolutionConfigurationPlatforms) = preSolution
		Debug|Any CPU = Debug|Any CPU
		Release|Any CPU = Release|Any CPU
	EndGlobalSection
	GlobalSection(ProjectConfigurationPlatforms) = postSolution
		{CEE55562-7AD1-42DD-83FC-EFB0A2FB5BD6}.Debug|Any CPU.ActiveCfg = Debug|Any CPU
		{CEE55562-7AD1-42DD-83FC-EFB0A2FB5BD6}.Debug|Any CPU.Build.0 = Debug|Any CPU
		{CEE55562-7AD1-42DD-83FC-EFB0A2FB5BD6}.Release|Any CPU.ActiveCfg = Release|Any CPU
		{CEE55562-7AD1-42DD-83FC-EFB0A2FB5BD6}.Release|Any CPU.Build.0 = Release|Any CPU
	EndGlobalSection
	GlobalSection(SolutionProperties) = preSolution
		HideSolutionNode = FALSE
	EndGlobalSection
	GlobalSection(ExtensibilityGlobals) = postSolution
		SolutionGuid = {482F49A3-40FF-490E-8F35-9284B7B7830E}
	EndGlobalSection
EndGlobal
